Microsoft Visual Studio Solution File, Format Version 11.00
# Visual Studio 2008

Project("{7CDC5B41-F660-8943-771E-253B64ABE597}") = "AR_Piano_16623", "Assembly-CSharp.csproj", "{7FF7CD9E-0ADE-30B9-2C9B-A9799E8BAFA7}"
EndProject
Project("{7CDC5B41-F660-8943-771E-253B64ABE597}") = "AR_Piano_16623", "Assembly-CSharp-Editor.csproj", "{1E90433E-F8F3-1DC3-F7EF-6825C9280903}"
EndProject
Global
	GlobalSection(SolutionConfigurationPlatforms) = preSolution
		Debug|Any CPU = Debug|Any CPU
		Release|Any CPU = Release|Any CPU
	EndGlobalSection
	GlobalSection(ProjectConfigurationPlatforms) = postSolution
		{7FF7CD9E-0ADE-30B9-2C9B-A9799E8BAFA7}.Debug|Any CPU.ActiveCfg = Debug|Any CPU
		{7FF7CD9E-0ADE-30B9-2C9B-A9799E8BAFA7}.Debug|Any CPU.Build.0 = Debug|Any CPU
		{7FF7CD9E-0ADE-30B9-2C9B-A9799E8BAFA7}.Release|Any CPU.ActiveCfg = Release|Any CPU
		{7FF7CD9E-0ADE-30B9-2C9B-A9799E8BAFA7}.Release|Any CPU.Build.0 = Release|Any CPU
		{1E90433E-F8F3-1DC3-F7EF-6825C9280903}.Debug|Any CPU.ActiveCfg = Debug|Any CPU
		{1E90433E-F8F3-1DC3-F7EF-6825C9280903}.Debug|Any CPU.Build.0 = Debug|Any CPU
		{1E90433E-F8F3-1DC3-F7EF-6825C9280903}.Release|Any CPU.ActiveCfg = Release|Any CPU
		{1E90433E-F8F3-1DC3-F7EF-6825C9280903}.Release|Any CPU.Build.0 = Release|Any CPU
	EndGlobalSection
	GlobalSection(SolutionProperties) = preSolution
		HideSolutionNode = FALSE
	EndGlobalSection
	GlobalSection(MonoDevelopProperties) = preSolution
		StartupItem = Assembly-CSharp.csproj
	EndGlobalSection
EndGlobal
